
Microsoft Visual Studio Solution File, Format Version 12.00
# Visual Studio Version 16
VisualStudioVersion = 16.0.29215.179
MinimumVisualStudioVersion = 10.0.40219.1
Project("{FAE04EC0-301F-11D3-BF4B-00C04F79EFBC}") = "Basketball game", "Basketball game\Basketball game.csproj", "{74934101-C213-4821-8760-DC78FC416719}"
EndProject
Global
	GlobalSection(SolutionConfigurationPlatforms) = preSolution
		Debug|Any CPU = Debug|Any CPU
		Release|Any CPU = Release|Any CPU
	EndGlobalSection
	GlobalSection(ProjectConfigurationPlatforms) = postSolution
		{74934101-C213-4821-8760-DC78FC416719}.Debug|Any CPU.ActiveCfg = Debug|Any CPU
		{74934101-C213-4821-8760-DC78FC416719}.Debug|Any CPU.Build.0 = Debug|Any CPU
		{74934101-C213-4821-8760-DC78FC416719}.Release|Any CPU.ActiveCfg = Release|Any CPU
		{74934101-C213-4821-8760-DC78FC416719}.Release|Any CPU.Build.0 = Release|Any CPU
	EndGlobalSection
	GlobalSection(SolutionProperties) = preSolution
		HideSolutionNode = FALSE
	EndGlobalSection
	GlobalSection(ExtensibilityGlobals) = postSolution
		SolutionGuid = {A9DDAB44-81D5-438B-9AAA-E22C5FA96BD0}
	EndGlobalSection
EndGlobal
